
Microsoft Visual Studio Solution File, Format Version 9.00
# Visual Studio 2005
Project("{FAE04EC0-301F-11D3-BF4B-00C04F79EFBC}") = "NZemberek.Cekirdek", "NZemberek.Cekirdek\NZemberek.Cekirdek.csproj", "{DE2F1045-4436-4483-81D8-C369BA176AC5}"
EndProject
Project("{FAE04EC0-301F-11D3-BF4B-00C04F79EFBC}") = "NZemberek.TurkiyeTurkcesi", "NZemberek.TurkiyeTurkcesi\NZemberek.TurkiyeTurkcesi.csproj", "{1D82BC97-4688-421C-B32A-D1FC7E2423B1}"
EndProject
Project("{FAE04EC0-301F-11D3-BF4B-00C04F79EFBC}") = "NZemberek.DilAraclari", "NZemberek.DilAraclari\NZemberek.DilAraclari.csproj", "{69CB2C02-1797-45C0-9BAF-BD070014CC6F}"
EndProject
Global
	GlobalSection(SolutionConfigurationPlatforms) = preSolution
		Debug|Any CPU = Debug|Any CPU
		Release|Any CPU = Release|Any CPU
	EndGlobalSection
	GlobalSection(ProjectConfigurationPlatforms) = postSolution
		{DE2F1045-4436-4483-81D8-C369BA176AC5}.Debug|Any CPU.ActiveCfg = Debug|Any CPU
		{DE2F1045-4436-4483-81D8-C369BA176AC5}.Debug|Any CPU.Build.0 = Debug|Any CPU
		{DE2F1045-4436-4483-81D8-C369BA176AC5}.Release|Any CPU.ActiveCfg = Release|Any CPU
		{DE2F1045-4436-4483-81D8-C369BA176AC5}.Release|Any CPU.Build.0 = Release|Any CPU
		{1D82BC97-4688-421C-B32A-D1FC7E2423B1}.Debug|Any CPU.ActiveCfg = Debug|Any CPU
		{1D82BC97-4688-421C-B32A-D1FC7E2423B1}.Debug|Any CPU.Build.0 = Debug|Any CPU
		{1D82BC97-4688-421C-B32A-D1FC7E2423B1}.Release|Any CPU.ActiveCfg = Release|Any CPU
		{1D82BC97-4688-421C-B32A-D1FC7E2423B1}.Release|Any CPU.Build.0 = Release|Any CPU
		{69CB2C02-1797-45C0-9BAF-BD070014CC6F}.Debug|Any CPU.ActiveCfg = Debug|Any CPU
		{69CB2C02-1797-45C0-9BAF-BD070014CC6F}.Debug|Any CPU.Build.0 = Debug|Any CPU
		{69CB2C02-1797-45C0-9BAF-BD070014CC6F}.Release|Any CPU.ActiveCfg = Release|Any CPU
		{69CB2C02-1797-45C0-9BAF-BD070014CC6F}.Release|Any CPU.Build.0 = Release|Any CPU
	EndGlobalSection
	GlobalSection(SolutionProperties) = preSolution
		HideSolutionNode = FALSE
	EndGlobalSection
EndGlobal
